
Microsoft Visual Studio Solution File, Format Version 12.00
# Visual Studio Version 17
VisualStudioVersion = 17.14.36429.23 d17.14
MinimumVisualStudioVersion = 10.0.40219.1
Project("{FAE04EC0-301F-11D3-BF4B-00C04F79EFBC}") = "SQL1", "SQL1\SQL1.csproj", "{4F53E41B-4DBD-4B2B-B46E-4A36D2D90805}"
EndProject
Global
	GlobalSection(SolutionConfigurationPlatforms) = preSolution
		Debug|Any CPU = Debug|Any CPU
		Release|Any CPU = Release|Any CPU
	EndGlobalSection
	GlobalSection(ProjectConfigurationPlatforms) = postSolution
		{4F53E41B-4DBD-4B2B-B46E-4A36D2D90805}.Debug|Any CPU.ActiveCfg = Debug|Any CPU
		{4F53E41B-4DBD-4B2B-B46E-4A36D2D90805}.Debug|Any CPU.Build.0 = Debug|Any CPU
		{4F53E41B-4DBD-4B2B-B46E-4A36D2D90805}.Release|Any CPU.ActiveCfg = Release|Any CPU
		{4F53E41B-4DBD-4B2B-B46E-4A36D2D90805}.Release|Any CPU.Build.0 = Release|Any CPU
	EndGlobalSection
	GlobalSection(SolutionProperties) = preSolution
		HideSolutionNode = FALSE
	EndGlobalSection
	GlobalSection(ExtensibilityGlobals) = postSolution
		SolutionGuid = {1C325C4E-8F16-469F-A98A-694A15D18EDF}
	EndGlobalSection
EndGlobal
